
Microsoft Visual Studio Solution File, Format Version 12.00
# Visual Studio Version 17
VisualStudioVersion = 17.9.34616.47
MinimumVisualStudioVersion = 10.0.40219.1
Project("{FAE04EC0-301F-11D3-BF4B-00C04F79EFBC}") = "WebService", "WebService\WebService.csproj", "{4C6999E2-C423-4931-B395-871DA3D353EC}"
EndProject
Global
	GlobalSection(SolutionConfigurationPlatforms) = preSolution
		Debug|Any CPU = Debug|Any CPU
		Release|Any CPU = Release|Any CPU
	EndGlobalSection
	GlobalSection(ProjectConfigurationPlatforms) = postSolution
		{4C6999E2-C423-4931-B395-871DA3D353EC}.Debug|Any CPU.ActiveCfg = Debug|Any CPU
		{4C6999E2-C423-4931-B395-871DA3D353EC}.Debug|Any CPU.Build.0 = Debug|Any CPU
		{4C6999E2-C423-4931-B395-871DA3D353EC}.Release|Any CPU.ActiveCfg = Release|Any CPU
		{4C6999E2-C423-4931-B395-871DA3D353EC}.Release|Any CPU.Build.0 = Release|Any CPU
	EndGlobalSection
	GlobalSection(SolutionProperties) = preSolution
		HideSolutionNode = FALSE
	EndGlobalSection
	GlobalSection(ExtensibilityGlobals) = postSolution
		SolutionGuid = {C1323397-C8B5-4F16-857E-D8FA8B6D85FD}
	EndGlobalSection
EndGlobal
